
Microsoft Visual Studio Solution File, Format Version 12.00
# Visual Studio Version 16
VisualStudioVersion = 16.0.31025.218
MinimumVisualStudioVersion = 10.0.40219.1
Project("{9A19103F-16F7-4668-BE54-9A1E7A4F7556}") = "MovieDB.Api", "MovieDB.Api\MovieDB.Api.csproj", "{4DE83603-3400-4E69-ADC5-9348209CF916}"
EndProject
Project("{9A19103F-16F7-4668-BE54-9A1E7A4F7556}") = "MovieDB.Tests", "MovieDB.Tests\MovieDB.Tests.csproj", "{0A9F8795-28B5-461E-B449-C1F262F5892D}"
EndProject
Global
	GlobalSection(SolutionConfigurationPlatforms) = preSolution
		Debug|Any CPU = Debug|Any CPU
		Debug|arm64 = Debug|arm64
		Debug|x64 = Debug|x64
		Debug|x86 = Debug|x86
		Release|Any CPU = Release|Any CPU
		Release|arm64 = Release|arm64
		Release|x64 = Release|x64
		Release|x86 = Release|x86
	EndGlobalSection
	GlobalSection(ProjectConfigurationPlatforms) = postSolution
		{4DE83603-3400-4E69-ADC5-9348209CF916}.Debug|Any CPU.ActiveCfg = Debug|Any CPU
		{4DE83603-3400-4E69-ADC5-9348209CF916}.Debug|Any CPU.Build.0 = Debug|Any CPU
		{4DE83603-3400-4E69-ADC5-9348209CF916}.Debug|arm64.ActiveCfg = Debug|Any CPU
		{4DE83603-3400-4E69-ADC5-9348209CF916}.Debug|arm64.Build.0 = Debug|Any CPU
		{4DE83603-3400-4E69-ADC5-9348209CF916}.Debug|x64.ActiveCfg = Debug|Any CPU
		{4DE83603-3400-4E69-ADC5-9348209CF916}.Debug|x64.Build.0 = Debug|Any CPU
		{4DE83603-3400-4E69-ADC5-9348209CF916}.Debug|x86.ActiveCfg = Debug|Any CPU
		{4DE83603-3400-4E69-ADC5-9348209CF916}.Debug|x86.Build.0 = Debug|Any CPU
		{4DE83603-3400-4E69-ADC5-9348209CF916}.Release|Any CPU.ActiveCfg = Release|Any CPU
		{4DE83603-3400-4E69-ADC5-9348209CF916}.Release|Any CPU.Build.0 = Release|Any CPU
		{4DE83603-3400-4E69-ADC5-9348209CF916}.Release|arm64.ActiveCfg = Release|Any CPU
		{4DE83603-3400-4E69-ADC5-9348209CF916}.Release|arm64.Build.0 = Release|Any CPU
		{4DE83603-3400-4E69-ADC5-9348209CF916}.Release|x64.ActiveCfg = Release|Any CPU
		{4DE83603-3400-4E69-ADC5-9348209CF916}.Release|x64.Build.0 = Release|Any CPU
		{4DE83603-3400-4E69-ADC5-9348209CF916}.Release|x86.ActiveCfg = Release|Any CPU
		{4DE83603-3400-4E69-ADC5-9348209CF916}.Release|x86.Build.0 = Release|Any CPU
		{0A9F8795-28B5-461E-B449-C1F262F5892D}.Debug|Any CPU.ActiveCfg = Debug|Any CPU
		{0A9F8795-28B5-461E-B449-C1F262F5892D}.Debug|Any CPU.Build.0 = Debug|Any CPU
		{0A9F8795-28B5-461E-B449-C1F262F5892D}.Debug|arm64.ActiveCfg = Debug|Any CPU
		{0A9F8795-28B5-461E-B449-C1F262F5892D}.Debug|arm64.Build.0 = Debug|Any CPU
		{0A9F8795-28B5-461E-B449-C1F262F5892D}.Debug|x64.ActiveCfg = Debug|Any CPU
		{0A9F8795-28B5-461E-B449-C1F262F5892D}.Debug|x64.Build.0 = Debug|Any CPU
		{0A9F8795-28B5-461E-B449-C1F262F5892D}.Debug|x86.ActiveCfg = Debug|Any CPU
		{0A9F8795-28B5-461E-B449-C1F262F5892D}.Debug|x86.Build.0 = Debug|Any CPU
		{0A9F8795-28B5-461E-B449-C1F262F5892D}.Release|Any CPU.ActiveCfg = Release|Any CPU
		{0A9F8795-28B5-461E-B449-C1F262F5892D}.Release|Any CPU.Build.0 = Release|Any CPU
		{0A9F8795-28B5-461E-B449-C1F262F5892D}.Release|arm64.ActiveCfg = Release|Any CPU
		{0A9F8795-28B5-461E-B449-C1F262F5892D}.Release|arm64.Build.0 = Release|Any CPU
		{0A9F8795-28B5-461E-B449-C1F262F5892D}.Release|x64.ActiveCfg = Release|Any CPU
		{0A9F8795-28B5-461E-B449-C1F262F5892D}.Release|x64.Build.0 = Release|Any CPU
		{0A9F8795-28B5-461E-B449-C1F262F5892D}.Release|x86.ActiveCfg = Release|Any CPU
		{0A9F8795-28B5-461E-B449-C1F262F5892D}.Release|x86.Build.0 = Release|Any CPU
		{6A76B3EA-FB4A-47D3-868C-30F70A8510ED}.Debug|Any CPU.ActiveCfg = Debug|Any CPU
		{6A76B3EA-FB4A-47D3-868C-30F70A8510ED}.Debug|Any CPU.Build.0 = Debug|Any CPU
		{6A76B3EA-FB4A-47D3-868C-30F70A8510ED}.Debug|arm64.ActiveCfg = Debug|Any CPU
		{6A76B3EA-FB4A-47D3-868C-30F70A8510ED}.Debug|arm64.Build.0 = Debug|Any CPU
		{6A76B3EA-FB4A-47D3-868C-30F70A8510ED}.Debug|x64.ActiveCfg = Debug|Any CPU
		{6A76B3EA-FB4A-47D3-868C-30F70A8510ED}.Debug|x64.Build.0 = Debug|Any CPU
		{6A76B3EA-FB4A-47D3-868C-30F70A8510ED}.Debug|x86.ActiveCfg = Debug|Any CPU
		{6A76B3EA-FB4A-47D3-868C-30F70A8510ED}.Debug|x86.Build.0 = Debug|Any CPU
		{6A76B3EA-FB4A-47D3-868C-30F70A8510ED}.Release|Any CPU.ActiveCfg = Release|Any CPU
		{6A76B3EA-FB4A-47D3-868C-30F70A8510ED}.Release|Any CPU.Build.0 = Release|Any CPU
		{6A76B3EA-FB4A-47D3-868C-30F70A8510ED}.Release|arm64.ActiveCfg = Release|Any CPU
		{6A76B3EA-FB4A-47D3-868C-30F70A8510ED}.Release|arm64.Build.0 = Release|Any CPU
		{6A76B3EA-FB4A-47D3-868C-30F70A8510ED}.Release|x64.ActiveCfg = Release|Any CPU
		{6A76B3EA-FB4A-47D3-868C-30F70A8510ED}.Release|x64.Build.0 = Release|Any CPU
		{6A76B3EA-FB4A-47D3-868C-30F70A8510ED}.Release|x86.ActiveCfg = Release|Any CPU
		{6A76B3EA-FB4A-47D3-868C-30F70A8510ED}.Release|x86.Build.0 = Release|Any CPU
	EndGlobalSection
	GlobalSection(SolutionProperties) = preSolution
		HideSolutionNode = FALSE
	EndGlobalSection
	GlobalSection(ExtensibilityGlobals) = postSolution
		SolutionGuid = {0826927A-8F6D-4DFC-BD08-804D5CABC148}
	EndGlobalSection
EndGlobal
